
Microsoft Visual Studio Solution File, Format Version 12.00
# Visual Studio Version 16
VisualStudioVersion = 16.0.30907.101
MinimumVisualStudioVersion = 10.0.40219.1
Project("{FAE04EC0-301F-11D3-BF4B-00C04F79EFBC}") = "APIRESTFULL", "APIRESTFULL.csproj", "{C2041913-0A11-45A9-B7FD-5432393FCE9A}"
EndProject
Global
	GlobalSection(SolutionConfigurationPlatforms) = preSolution
		Debug|Any CPU = Debug|Any CPU
		Release|Any CPU = Release|Any CPU
	EndGlobalSection
	GlobalSection(ProjectConfigurationPlatforms) = postSolution
		{C2041913-0A11-45A9-B7FD-5432393FCE9A}.Debug|Any CPU.ActiveCfg = Debug|Any CPU
		{C2041913-0A11-45A9-B7FD-5432393FCE9A}.Debug|Any CPU.Build.0 = Debug|Any CPU
		{C2041913-0A11-45A9-B7FD-5432393FCE9A}.Release|Any CPU.ActiveCfg = Release|Any CPU
		{C2041913-0A11-45A9-B7FD-5432393FCE9A}.Release|Any CPU.Build.0 = Release|Any CPU
	EndGlobalSection
	GlobalSection(SolutionProperties) = preSolution
		HideSolutionNode = FALSE
	EndGlobalSection
	GlobalSection(ExtensibilityGlobals) = postSolution
		SolutionGuid = {96BE66DE-B666-4C90-BCDA-EF281C432061}
	EndGlobalSection
EndGlobal
